{
  "name": "libr",
  "version": "1.0.0",
  "lockfileVersion": 3,
  "requires": true,
  "packages": {
    "": {
      "name": "libr",
      "version": "1.0.0",
      "license": "ISC",
      "dependencies": {
        "@elizabethkorn/ajs": "^1.0.0"
      }
    },
    "node_modules/@elizabethkorn/ajs": {
      "version": "1.0.0",
      "resolved": "https://npm.pkg.github.com/download/@elizabethkorn/ajs/1.0.0/e04e58f9776cea1bce962f7d3ab62b972b5029a9",
      "integrity": "sha512-tr8qVsoBCZdfdrrsvagbpXuCo9rsLt3whbGuLEOKYBUNumCr9UtEHja8KLhMRGQ6S6jKH1/TG8O2D/rqWmbr2Q==",
      "license": "ISC"
    }
  }
}
